{
    "_readme": [
        "This file locks the dependencies of your project to a known state",
        "Read more about it at https://getcomposer.org/doc/01-basic-usage.md#installing-dependencies",
        "This file is @generated automatically"
    ],
    "content-hash": "e25eeaa57e4681be4c92b00f1b1b5fd3",
    "packages": [
        {
            "name": "fmihel/console-log",
            "version": "v0.0.1",
            "source": {
                "type": "git",
                "url": "https://github.com/fmihel/console-log.git",
                "reference": "5b5748c1850b3bd988c11f819fd97ff696d8b22d"
            },
            "dist": {
                "type": "zip",
                "url": "https://api.github.com/repos/fmihel/console-log/zipball/5b5748c1850b3bd988c11f819fd97ff696d8b22d",
                "reference": "5b5748c1850b3bd988c11f819fd97ff696d8b22d",
                "shasum": ""
            },
            "require-dev": {
                "phpunit/phpunit": "^8.5"
            },
            "type": "library",
            "autoload": {
                "psr-4": {
                    "fmihel\\": "source"
                }
            },
            "notification-url": "https://packagist.org/downloads/",
            "license": [
                "MIT"
            ],
            "authors": [
                {
                    "name": "fmihel",
                    "email": "fmihel76@gmail.com"
                }
            ],
            "description": "error,log,console,php,javascript,js,error_log,console.log,console.info",
            "support": {
                "issues": "https://github.com/fmihel/console-log/issues",
                "source": "https://github.com/fmihel/console-log/tree/v0.0.1"
            },
            "time": "2020-01-31T07:40:00+00:00"
        },
        {
            "name": "fmihel/php-lib",
            "version": "v2.3.1",
            "source": {
                "type": "git",
                "url": "https://github.com/fmihel/php-lib.git",
                "reference": "fbd1118da6ae9b3bd930e6cb7bce140b66ca6205"
            },
            "dist": {
                "type": "zip",
                "url": "https://api.github.com/repos/fmihel/php-lib/zipball/fbd1118da6ae9b3bd930e6cb7bce140b66ca6205",
                "reference": "fbd1118da6ae9b3bd930e6cb7bce140b66ca6205",
                "shasum": ""
            },
            "require-dev": {
                "fmihel/console-log": "^0.0.3",
                "phpunit/phpunit": "^8.5"
            },
            "type": "library",
            "autoload": {
                "psr-4": {
                    "fmihel\\lib\\": "source"
                }
            },
            "notification-url": "https://packagist.org/downloads/",
            "license": [
                "MIT"
            ],
            "authors": [
                {
                    "name": "fmihel",
                    "email": "fmihel76@gmail.com"
                }
            ],
            "description": "php,lib,library",
            "support": {
                "issues": "https://github.com/fmihel/php-lib/issues",
                "source": "https://github.com/fmihel/php-lib/tree/v2.3.1"
            },
            "time": "2021-11-23T10:33:51+00:00"
        },
        {
            "name": "fmihel/php-router",
            "version": "dev-master",
            "source": {
                "type": "git",
                "url": "https://github.com/fmihel/php-router.git",
                "reference": "d5ea8a1ba8f2c8a1b69c064e551c3c532bd17352"
            },
            "dist": {
                "type": "zip",
                "url": "https://api.github.com/repos/fmihel/php-router/zipball/d5ea8a1ba8f2c8a1b69c064e551c3c532bd17352",
                "reference": "d5ea8a1ba8f2c8a1b69c064e551c3c532bd17352",
                "shasum": ""
            },
            "require": {
                "fmihel/php-lib": "^2.0.0"
            },
            "require-dev": {
                "phpunit/phpunit": "^8.5"
            },
            "default-branch": true,
            "type": "library",
            "autoload": {
                "psr-4": {
                    "fmihel\\router\\": "source"
                }
            },
            "notification-url": "https://packagist.org/downloads/",
            "license": [
                "MIT"
            ],
            "authors": [
                {
                    "name": "fmihel",
                    "email": "fmihel76@gmail.com"
                }
            ],
            "description": "php,router",
            "support": {
                "issues": "https://github.com/fmihel/php-router/issues",
                "source": "https://github.com/fmihel/php-router/tree/v3.2.1"
            },
            "time": "2021-10-07T12:41:06+00:00"
        }
    ],
    "packages-dev": [],
    "aliases": [],
    "minimum-stability": "stable",
    "stability-flags": {
        "fmihel/php-router": 20
    },
    "prefer-stable": false,
    "prefer-lowest": false,
    "platform": [],
    "platform-dev": [],
    "plugin-api-version": "2.1.0"
}
